
Microsoft Visual Studio Solution File, Format Version 12.00
# Visual Studio Version 17
VisualStudioVersion = 17.10.35004.147
MinimumVisualStudioVersion = 10.0.40219.1
Project("{FAE04EC0-301F-11D3-BF4B-00C04F79EFBC}") = "SampleCrud-Be", "SampleCrud-Be.csproj", "{C8F4E59F-C124-4132-A506-BC7C0EC84C89}"
EndProject
Global
	GlobalSection(SolutionConfigurationPlatforms) = preSolution
		Debug|Any CPU = Debug|Any CPU
		Release|Any CPU = Release|Any CPU
	EndGlobalSection
	GlobalSection(ProjectConfigurationPlatforms) = postSolution
		{C8F4E59F-C124-4132-A506-BC7C0EC84C89}.Debug|Any CPU.ActiveCfg = Debug|Any CPU
		{C8F4E59F-C124-4132-A506-BC7C0EC84C89}.Debug|Any CPU.Build.0 = Debug|Any CPU
		{C8F4E59F-C124-4132-A506-BC7C0EC84C89}.Release|Any CPU.ActiveCfg = Release|Any CPU
		{C8F4E59F-C124-4132-A506-BC7C0EC84C89}.Release|Any CPU.Build.0 = Release|Any CPU
	EndGlobalSection
	GlobalSection(SolutionProperties) = preSolution
		HideSolutionNode = FALSE
	EndGlobalSection
	GlobalSection(ExtensibilityGlobals) = postSolution
		SolutionGuid = {978FC980-4C2D-4890-B512-757E90CBF500}
	EndGlobalSection
EndGlobal
